// !$*UTF8*$!
{
	archiveVersion = 1;
	classes = {
	};
	objectVersion = 56;
	objects = {

/* Begin PBXBuildFile section */
		9374F8742BC140C100EA624D /* AppDelegate.swift in Sources */ = {isa = PBXBuildFile; fileRef = 9374F8732BC140C100EA624D /* AppDelegate.swift */; };
		9374F8762BC140C100EA624D /* SceneDelegate.swift in Sources */ = {isa = PBXBuildFile; fileRef = 9374F8752BC140C100EA624D /* SceneDelegate.swift */; };
		9374F8782BC140C100EA624D /* HomeViewController.swift in Sources */ = {isa = PBXBuildFile; fileRef = 9374F8772BC140C100EA624D /* HomeViewController.swift */; };
		9374F87B2BC140C100EA624D /* Main.storyboard in Resources */ = {isa = PBXBuildFile; fileRef = 9374F8792BC140C100EA624D /* Main.storyboard */; };
		9374F87D2BC140C200EA624D /* Assets.xcassets in Resources */ = {isa = PBXBuildFile; fileRef = 9374F87C2BC140C200EA624D /* Assets.xcassets */; };
		9374F8802BC140C200EA624D /* LaunchScreen.storyboard in Resources */ = {isa = PBXBuildFile; fileRef = 9374F87E2BC140C200EA624D /* LaunchScreen.storyboard */; };
		9374F88B2BC140C200EA624D /* AstronomyPicturesTests.swift in Sources */ = {isa = PBXBuildFile; fileRef = 9374F88A2BC140C200EA624D /* AstronomyPicturesTests.swift */; };
		9374F8952BC140C200EA624D /* AstronomyPicturesUITests.swift in Sources */ = {isa = PBXBuildFile; fileRef = 9374F8942BC140C200EA624D /* AstronomyPicturesUITests.swift */; };
		9374F8972BC140C200EA624D /* AstronomyPicturesUITestsLaunchTests.swift in Sources */ = {isa = PBXBuildFile; fileRef = 9374F8962BC140C200EA624D /* AstronomyPicturesUITestsLaunchTests.swift */; };
		9374F8AC2BC1420100EA624D /* AstronomyService.swift in Sources */ = {isa = PBXBuildFile; fileRef = 9374F8AA2BC1420100EA624D /* AstronomyService.swift */; };
		9374F8AD2BC1420100EA624D /* AstronomyEntity.swift in Sources */ = {isa = PBXBuildFile; fileRef = 9374F8AB2BC1420100EA624D /* AstronomyEntity.swift */; };
		9374F8AF2BC1421A00EA624D /* AstronomyCollectionViewCell.swift in Sources */ = {isa = PBXBuildFile; fileRef = 9374F8AE2BC1421A00EA624D /* AstronomyCollectionViewCell.swift */; };
		9374F8B42BC143C100EA624D /* ImageCacheManager.swift in Sources */ = {isa = PBXBuildFile; fileRef = 9374F8B32BC143C100EA624D /* ImageCacheManager.swift */; };
		9374F8B62BC1453C00EA624D /* ImageDownloader.swift in Sources */ = {isa = PBXBuildFile; fileRef = 9374F8B52BC1453C00EA624D /* ImageDownloader.swift */; };
		9374F8B82BC14A2900EA624D /* ImageDiskCacheManager.swift in Sources */ = {isa = PBXBuildFile; fileRef = 9374F8B72BC14A2900EA624D /* ImageDiskCacheManager.swift */; };
		93A3AF012BC14E6C00F09210 /* UIImageView+Extension.swift in Sources */ = {isa = PBXBuildFile; fileRef = 93A3AF002BC14E6C00F09210 /* UIImageView+Extension.swift */; };
		93A3AF042BC156E100F09210 /* AstronomyDetailViewController.swift in Sources */ = {isa = PBXBuildFile; fileRef = 93A3AF032BC156E100F09210 /* AstronomyDetailViewController.swift */; };
		93A3AF092BC1934D00F09210 /* AstronomyListViewModel.swift in Sources */ = {isa = PBXBuildFile; fileRef = 93A3AF082BC1934D00F09210 /* AstronomyListViewModel.swift */; };
		93A3AF0B2BC19BCF00F09210 /* Date+Extension.swift in Sources */ = {isa = PBXBuildFile; fileRef = 93A3AF0A2BC19BCF00F09210 /* Date+Extension.swift */; };
		93A3AF0D2BC19EED00F09210 /* AstronomyCellViewModel.swift in Sources */ = {isa = PBXBuildFile; fileRef = 93A3AF0C2BC19EED00F09210 /* AstronomyCellViewModel.swift */; };
		93A3AF112BC22A6F00F09210 /* AstronomyEntityCacheManager.swift in Sources */ = {isa = PBXBuildFile; fileRef = 93A3AF102BC22A6F00F09210 /* AstronomyEntityCacheManager.swift */; };
		93A3AF142BC23B4B00F09210 /* LoadingReusableView.swift in Sources */ = {isa = PBXBuildFile; fileRef = 93A3AF132BC23B4B00F09210 /* LoadingReusableView.swift */; };
		93A3AF162BC241F300F09210 /* EmptyDataView.swift in Sources */ = {isa = PBXBuildFile; fileRef = 93A3AF152BC241F300F09210 /* EmptyDataView.swift */; };
/* End PBXBuildFile section */

/* Begin PBXContainerItemProxy section */
		9374F8872BC140C200EA624D /* PBXContainerItemProxy */ = {
			isa = PBXContainerItemProxy;
			containerPortal = 9374F8682BC140C100EA624D /* Project object */;
			proxyType = 1;
			remoteGlobalIDString = 9374F86F2BC140C100EA624D;
			remoteInfo = AstronomyPictures;
		};
		9374F8912BC140C200EA624D /* PBXContainerItemProxy */ = {
			isa = PBXContainerItemProxy;
			containerPortal = 9374F8682BC140C100EA624D /* Project object */;
			proxyType = 1;
			remoteGlobalIDString = 9374F86F2BC140C100EA624D;
			remoteInfo = AstronomyPictures;
		};
/* End PBXContainerItemProxy section */

/* Begin PBXFileReference section */
		9374F8702BC140C100EA624D /* AstronomyPictures.app */ = {isa = PBXFileReference; explicitFileType = wrapper.application; includeInIndex = 0; path = AstronomyPictures.app; sourceTree = BUILT_PRODUCTS_DIR; };
		9374F8732BC140C100EA624D /* AppDelegate.swift */ = {isa = PBXFileReference; lastKnownFileType = sourcecode.swift; path = AppDelegate.swift; sourceTree = "<group>"; };
		9374F8752BC140C100EA624D /* SceneDelegate.swift */ = {isa = PBXFileReference; lastKnownFileType = sourcecode.swift; path = SceneDelegate.swift; sourceTree = "<group>"; };
		9374F8772BC140C100EA624D /* HomeViewController.swift */ = {isa = PBXFileReference; lastKnownFileType = sourcecode.swift; path = HomeViewController.swift; sourceTree = "<group>"; };
		9374F87A2BC140C100EA624D /* Base */ = {isa = PBXFileReference; lastKnownFileType = file.storyboard; name = Base; path = Base.lproj/Main.storyboard; sourceTree = "<group>"; };
		9374F87C2BC140C200EA624D /* Assets.xcassets */ = {isa = PBXFileReference; lastKnownFileType = folder.assetcatalog; path = Assets.xcassets; sourceTree = "<group>"; };
		9374F87F2BC140C200EA624D /* Base */ = {isa = PBXFileReference; lastKnownFileType = file.storyboard; name = Base; path = Base.lproj/LaunchScreen.storyboard; sourceTree = "<group>"; };
		9374F8812BC140C200EA624D /* Info.plist */ = {isa = PBXFileReference; lastKnownFileType = text.plist.xml; path = Info.plist; sourceTree = "<group>"; };
		9374F8862BC140C200EA624D /* AstronomyPicturesTests.xctest */ = {isa = PBXFileReference; explicitFileType = wrapper.cfbundle; includeInIndex = 0; path = AstronomyPicturesTests.xctest; sourceTree = BUILT_PRODUCTS_DIR; };
		9374F88A2BC140C200EA624D /* AstronomyPicturesTests.swift */ = {isa = PBXFileReference; lastKnownFileType = sourcecode.swift; path = AstronomyPicturesTests.swift; sourceTree = "<group>"; };
		9374F8902BC140C200EA624D /* AstronomyPicturesUITests.xctest */ = {isa = PBXFileReference; explicitFileType = wrapper.cfbundle; includeInIndex = 0; path = AstronomyPicturesUITests.xctest; sourceTree = BUILT_PRODUCTS_DIR; };
		9374F8942BC140C200EA624D /* AstronomyPicturesUITests.swift */ = {isa = PBXFileReference; lastKnownFileType = sourcecode.swift; path = AstronomyPicturesUITests.swift; sourceTree = "<group>"; };
		9374F8962BC140C200EA624D /* AstronomyPicturesUITestsLaunchTests.swift */ = {isa = PBXFileReference; lastKnownFileType = sourcecode.swift; path = AstronomyPicturesUITestsLaunchTests.swift; sourceTree = "<group>"; };
		9374F8AA2BC1420100EA624D /* AstronomyService.swift */ = {isa = PBXFileReference; fileEncoding = 4; lastKnownFileType = sourcecode.swift; path = AstronomyService.swift; sourceTree = "<group>"; };
		9374F8AB2BC1420100EA624D /* AstronomyEntity.swift */ = {isa = PBXFileReference; fileEncoding = 4; lastKnownFileType = sourcecode.swift; path = AstronomyEntity.swift; sourceTree = "<group>"; };
		9374F8AE2BC1421A00EA624D /* AstronomyCollectionViewCell.swift */ = {isa = PBXFileReference; fileEncoding = 4; lastKnownFileType = sourcecode.swift; path = AstronomyCollectionViewCell.swift; sourceTree = "<group>"; };
		9374F8B32BC143C100EA624D /* ImageCacheManager.swift */ = {isa = PBXFileReference; lastKnownFileType = sourcecode.swift; path = ImageCacheManager.swift; sourceTree = "<group>"; };
		9374F8B52BC1453C00EA624D /* ImageDownloader.swift */ = {isa = PBXFileReference; lastKnownFileType = sourcecode.swift; path = ImageDownloader.swift; sourceTree = "<group>"; };
		9374F8B72BC14A2900EA624D /* ImageDiskCacheManager.swift */ = {isa = PBXFileReference; lastKnownFileType = sourcecode.swift; path = ImageDiskCacheManager.swift; sourceTree = "<group>"; };
		93A3AF002BC14E6C00F09210 /* UIImageView+Extension.swift */ = {isa = PBXFileReference; lastKnownFileType = sourcecode.swift; path = "UIImageView+Extension.swift"; sourceTree = "<group>"; };
		93A3AF032BC156E100F09210 /* AstronomyDetailViewController.swift */ = {isa = PBXFileReference; lastKnownFileType = sourcecode.swift; path = AstronomyDetailViewController.swift; sourceTree = "<group>"; };
		93A3AF082BC1934D00F09210 /* AstronomyListViewModel.swift */ = {isa = PBXFileReference; lastKnownFileType = sourcecode.swift; path = AstronomyListViewModel.swift; sourceTree = "<group>"; };
		93A3AF0A2BC19BCF00F09210 /* Date+Extension.swift */ = {isa = PBXFileReference; lastKnownFileType = sourcecode.swift; path = "Date+Extension.swift"; sourceTree = "<group>"; };
		93A3AF0C2BC19EED00F09210 /* AstronomyCellViewModel.swift */ = {isa = PBXFileReference; lastKnownFileType = sourcecode.swift; path = AstronomyCellViewModel.swift; sourceTree = "<group>"; };
		93A3AF102BC22A6F00F09210 /* AstronomyEntityCacheManager.swift */ = {isa = PBXFileReference; lastKnownFileType = sourcecode.swift; path = AstronomyEntityCacheManager.swift; sourceTree = "<group>"; };
		93A3AF132BC23B4B00F09210 /* LoadingReusableView.swift */ = {isa = PBXFileReference; lastKnownFileType = sourcecode.swift; path = LoadingReusableView.swift; sourceTree = "<group>"; };
		93A3AF152BC241F300F09210 /* EmptyDataView.swift */ = {isa = PBXFileReference; fileEncoding = 4; lastKnownFileType = sourcecode.swift; path = EmptyDataView.swift; sourceTree = "<group>"; };
/* End PBXFileReference section */

/* Begin PBXFrameworksBuildPhase section */
		9374F86D2BC140C100EA624D /* Frameworks */ = {
			isa = PBXFrameworksBuildPhase;
			buildActionMask = 2147483647;
			files = (
			);
			runOnlyForDeploymentPostprocessing = 0;
		};
		9374F8832BC140C200EA624D /* Frameworks */ = {
			isa = PBXFrameworksBuildPhase;
			buildActionMask = 2147483647;
			files = (
			);
			runOnlyForDeploymentPostprocessing = 0;
		};
		9374F88D2BC140C200EA624D /* Frameworks */ = {
			isa = PBXFrameworksBuildPhase;
			buildActionMask = 2147483647;
			files = (
			);
			runOnlyForDeploymentPostprocessing = 0;
		};
/* End PBXFrameworksBuildPhase section */

/* Begin PBXGroup section */
		9374F8672BC140C100EA624D = {
			isa = PBXGroup;
			children = (
				9374F8722BC140C100EA624D /* AstronomyPictures */,
				9374F8892BC140C200EA624D /* AstronomyPicturesTests */,
				9374F8932BC140C200EA624D /* AstronomyPicturesUITests */,
				9374F8712BC140C100EA624D /* Products */,
			);
			sourceTree = "<group>";
		};
		9374F8712BC140C100EA624D /* Products */ = {
			isa = PBXGroup;
			children = (
				9374F8702BC140C100EA624D /* AstronomyPictures.app */,
				9374F8862BC140C200EA624D /* AstronomyPicturesTests.xctest */,
				9374F8902BC140C200EA624D /* AstronomyPicturesUITests.xctest */,
			);
			name = Products;
			sourceTree = "<group>";
		};
		9374F8722BC140C100EA624D /* AstronomyPictures */ = {
			isa = PBXGroup;
			children = (
				9374F8B22BC143AD00EA624D /* Singleton */,
				9374F8A32BC141C500EA624D /* Extensions */,
				9374F8A52BC141D400EA624D /* ViewControllers */,
				9374F8732BC140C100EA624D /* AppDelegate.swift */,
				9374F8752BC140C100EA624D /* SceneDelegate.swift */,
				9374F8792BC140C100EA624D /* Main.storyboard */,
				9374F87C2BC140C200EA624D /* Assets.xcassets */,
				9374F87E2BC140C200EA624D /* LaunchScreen.storyboard */,
				9374F8812BC140C200EA624D /* Info.plist */,
			);
			path = AstronomyPictures;
			sourceTree = "<group>";
		};
		9374F8892BC140C200EA624D /* AstronomyPicturesTests */ = {
			isa = PBXGroup;
			children = (
				9374F88A2BC140C200EA624D /* AstronomyPicturesTests.swift */,
			);
			path = AstronomyPicturesTests;
			sourceTree = "<group>";
		};
		9374F8932BC140C200EA624D /* AstronomyPicturesUITests */ = {
			isa = PBXGroup;
			children = (
				9374F8942BC140C200EA624D /* AstronomyPicturesUITests.swift */,
				9374F8962BC140C200EA624D /* AstronomyPicturesUITestsLaunchTests.swift */,
			);
			path = AstronomyPicturesUITests;
			sourceTree = "<group>";
		};
		9374F8A32BC141C500EA624D /* Extensions */ = {
			isa = PBXGroup;
			children = (
				93A3AF002BC14E6C00F09210 /* UIImageView+Extension.swift */,
				93A3AF0A2BC19BCF00F09210 /* Date+Extension.swift */,
			);
			path = Extensions;
			sourceTree = "<group>";
		};
		9374F8A52BC141D400EA624D /* ViewControllers */ = {
			isa = PBXGroup;
			children = (
				93A3AF022BC155F500F09210 /* DetailViewController */,
				9374F8A62BC141DA00EA624D /* HomeViewController */,
			);
			path = ViewControllers;
			sourceTree = "<group>";
		};
		9374F8A62BC141DA00EA624D /* HomeViewController */ = {
			isa = PBXGroup;
			children = (
				9374F8A92BC141F300EA624D /* ViewModel */,
				9374F8A82BC141F000EA624D /* View */,
				9374F8A72BC141EA00EA624D /* Model */,
			);
			path = HomeViewController;
			sourceTree = "<group>";
		};
		9374F8A72BC141EA00EA624D /* Model */ = {
			isa = PBXGroup;
			children = (
				9374F8AB2BC1420100EA624D /* AstronomyEntity.swift */,
				9374F8AA2BC1420100EA624D /* AstronomyService.swift */,
			);
			path = Model;
			sourceTree = "<group>";
		};
		9374F8A82BC141F000EA624D /* View */ = {
			isa = PBXGroup;
			children = (
				93A3AF152BC241F300F09210 /* EmptyDataView.swift */,
				9374F8772BC140C100EA624D /* HomeViewController.swift */,
				9374F8AE2BC1421A00EA624D /* AstronomyCollectionViewCell.swift */,
				93A3AF132BC23B4B00F09210 /* LoadingReusableView.swift */,
			);
			path = View;
			sourceTree = "<group>";
		};
		9374F8A92BC141F300EA624D /* ViewModel */ = {
			isa = PBXGroup;
			children = (
				93A3AF082BC1934D00F09210 /* AstronomyListViewModel.swift */,
				93A3AF0C2BC19EED00F09210 /* AstronomyCellViewModel.swift */,
			);
			path = ViewModel;
			sourceTree = "<group>";
		};
		9374F8B22BC143AD00EA624D /* Singleton */ = {
			isa = PBXGroup;
			children = (
				9374F8B32BC143C100EA624D /* ImageCacheManager.swift */,
				9374F8B52BC1453C00EA624D /* ImageDownloader.swift */,
				9374F8B72BC14A2900EA624D /* ImageDiskCacheManager.swift */,
				93A3AF102BC22A6F00F09210 /* AstronomyEntityCacheManager.swift */,
			);
			path = Singleton;
			sourceTree = "<group>";
		};
		93A3AF022BC155F500F09210 /* DetailViewController */ = {
			isa = PBXGroup;
			children = (
				93A3AF032BC156E100F09210 /* AstronomyDetailViewController.swift */,
			);
			path = DetailViewController;
			sourceTree = "<group>";
		};
/* End PBXGroup section */

/* Begin PBXNativeTarget section */
		9374F86F2BC140C100EA624D /* AstronomyPictures */ = {
			isa = PBXNativeTarget;
			buildConfigurationList = 9374F89A2BC140C200EA624D /* Build configuration list for PBXNativeTarget "AstronomyPictures" */;
			buildPhases = (
				9374F86C2BC140C100EA624D /* Sources */,
				9374F86D2BC140C100EA624D /* Frameworks */,
				9374F86E2BC140C100EA624D /* Resources */,
			);
			buildRules = (
			);
			dependencies = (
			);
			name = AstronomyPictures;
			productName = AstronomyPictures;
			productReference = 9374F8702BC140C100EA624D /* AstronomyPictures.app */;
			productType = "com.apple.product-type.application";
		};
		9374F8852BC140C200EA624D /* AstronomyPicturesTests */ = {
			isa = PBXNativeTarget;
			buildConfigurationList = 9374F89D2BC140C200EA624D /* Build configuration list for PBXNativeTarget "AstronomyPicturesTests" */;
			buildPhases = (
				9374F8822BC140C200EA624D /* Sources */,
				9374F8832BC140C200EA624D /* Frameworks */,
				9374F8842BC140C200EA624D /* Resources */,
			);
			buildRules = (
			);
			dependencies = (
				9374F8882BC140C200EA624D /* PBXTargetDependency */,
			);
			name = AstronomyPicturesTests;
			productName = AstronomyPicturesTests;
			productReference = 9374F8862BC140C200EA624D /* AstronomyPicturesTests.xctest */;
			productType = "com.apple.product-type.bundle.unit-test";
		};
		9374F88F2BC140C200EA624D /* AstronomyPicturesUITests */ = {
			isa = PBXNativeTarget;
			buildConfigurationList = 9374F8A02BC140C200EA624D /* Build configuration list for PBXNativeTarget "AstronomyPicturesUITests" */;
			buildPhases = (
				9374F88C2BC140C200EA624D /* Sources */,
				9374F88D2BC140C200EA624D /* Frameworks */,
				9374F88E2BC140C200EA624D /* Resources */,
			);
			buildRules = (
			);
			dependencies = (
				9374F8922BC140C200EA624D /* PBXTargetDependency */,
			);
			name = AstronomyPicturesUITests;
			productName = AstronomyPicturesUITests;
			productReference = 9374F8902BC140C200EA624D /* AstronomyPicturesUITests.xctest */;
			productType = "com.apple.product-type.bundle.ui-testing";
		};
/* End PBXNativeTarget section */

/* Begin PBXProject section */
		9374F8682BC140C100EA624D /* Project object */ = {
			isa = PBXProject;
			attributes = {
				BuildIndependentTargetsInParallel = 1;
				LastSwiftUpdateCheck = 1520;
				LastUpgradeCheck = 1520;
				TargetAttributes = {
					9374F86F2BC140C100EA624D = {
						CreatedOnToolsVersion = 15.2;
					};
					9374F8852BC140C200EA624D = {
						CreatedOnToolsVersion = 15.2;
						TestTargetID = 9374F86F2BC140C100EA624D;
					};
					9374F88F2BC140C200EA624D = {
						CreatedOnToolsVersion = 15.2;
						TestTargetID = 9374F86F2BC140C100EA624D;
					};
				};
			};
			buildConfigurationList = 9374F86B2BC140C100EA624D /* Build configuration list for PBXProject "AstronomyPictures" */;
			compatibilityVersion = "Xcode 14.0";
			developmentRegion = en;
			hasScannedForEncodings = 0;
			knownRegions = (
				en,
				Base,
			);
			mainGroup = 9374F8672BC140C100EA624D;
			productRefGroup = 9374F8712BC140C100EA624D /* Products */;
			projectDirPath = "";
			projectRoot = "";
			targets = (
				9374F86F2BC140C100EA624D /* AstronomyPictures */,
				9374F8852BC140C200EA624D /* AstronomyPicturesTests */,
				9374F88F2BC140C200EA624D /* AstronomyPicturesUITests */,
			);
		};
/* End PBXProject section */

/* Begin PBXResourcesBuildPhase section */
		9374F86E2BC140C100EA624D /* Resources */ = {
			isa = PBXResourcesBuildPhase;
			buildActionMask = 2147483647;
			files = (
				9374F8802BC140C200EA624D /* LaunchScreen.storyboard in Resources */,
				9374F87D2BC140C200EA624D /* Assets.xcassets in Resources */,
				9374F87B2BC140C100EA624D /* Main.storyboard in Resources */,
			);
			runOnlyForDeploymentPostprocessing = 0;
		};
		9374F8842BC140C200EA624D /* Resources */ = {
			isa = PBXResourcesBuildPhase;
			buildActionMask = 2147483647;
			files = (
			);
			runOnlyForDeploymentPostprocessing = 0;
		};
		9374F88E2BC140C200EA624D /* Resources */ = {
			isa = PBXResourcesBuildPhase;
			buildActionMask = 2147483647;
			files = (
			);
			runOnlyForDeploymentPostprocessing = 0;
		};
/* End PBXResourcesBuildPhase section */

/* Begin PBXSourcesBuildPhase section */
		9374F86C2BC140C100EA624D /* Sources */ = {
			isa = PBXSourcesBuildPhase;
			buildActionMask = 2147483647;
			files = (
				93A3AF012BC14E6C00F09210 /* UIImageView+Extension.swift in Sources */,
				93A3AF092BC1934D00F09210 /* AstronomyListViewModel.swift in Sources */,
				9374F8B62BC1453C00EA624D /* ImageDownloader.swift in Sources */,
				9374F8782BC140C100EA624D /* HomeViewController.swift in Sources */,
				9374F8AF2BC1421A00EA624D /* AstronomyCollectionViewCell.swift in Sources */,
				9374F8B82BC14A2900EA624D /* ImageDiskCacheManager.swift in Sources */,
				9374F8AD2BC1420100EA624D /* AstronomyEntity.swift in Sources */,
				93A3AF162BC241F300F09210 /* EmptyDataView.swift in Sources */,
				9374F8B42BC143C100EA624D /* ImageCacheManager.swift in Sources */,
				9374F8742BC140C100EA624D /* AppDelegate.swift in Sources */,
				9374F8AC2BC1420100EA624D /* AstronomyService.swift in Sources */,
				93A3AF142BC23B4B00F09210 /* LoadingReusableView.swift in Sources */,
				93A3AF0B2BC19BCF00F09210 /* Date+Extension.swift in Sources */,
				93A3AF112BC22A6F00F09210 /* AstronomyEntityCacheManager.swift in Sources */,
				93A3AF042BC156E100F09210 /* AstronomyDetailViewController.swift in Sources */,
				9374F8762BC140C100EA624D /* SceneDelegate.swift in Sources */,
				93A3AF0D2BC19EED00F09210 /* AstronomyCellViewModel.swift in Sources */,
			);
			runOnlyForDeploymentPostprocessing = 0;
		};
		9374F8822BC140C200EA624D /* Sources */ = {
			isa = PBXSourcesBuildPhase;
			buildActionMask = 2147483647;
			files = (
				9374F88B2BC140C200EA624D /* AstronomyPicturesTests.swift in Sources */,
			);
			runOnlyForDeploymentPostprocessing = 0;
		};
		9374F88C2BC140C200EA624D /* Sources */ = {
			isa = PBXSourcesBuildPhase;
			buildActionMask = 2147483647;
			files = (
				9374F8972BC140C200EA624D /* AstronomyPicturesUITestsLaunchTests.swift in Sources */,
				9374F8952BC140C200EA624D /* AstronomyPicturesUITests.swift in Sources */,
			);
			runOnlyForDeploymentPostprocessing = 0;
		};
/* End PBXSourcesBuildPhase section */

/* Begin PBXTargetDependency section */
		9374F8882BC140C200EA624D /* PBXTargetDependency */ = {
			isa = PBXTargetDependency;
			target = 9374F86F2BC140C100EA624D /* AstronomyPictures */;
			targetProxy = 9374F8872BC140C200EA624D /* PBXContainerItemProxy */;
		};
		9374F8922BC140C200EA624D /* PBXTargetDependency */ = {
			isa = PBXTargetDependency;
			target = 9374F86F2BC140C100EA624D /* AstronomyPictures */;
			targetProxy = 9374F8912BC140C200EA624D /* PBXContainerItemProxy */;
		};
/* End PBXTargetDependency section */

/* Begin PBXVariantGroup section */
		9374F8792BC140C100EA624D /* Main.storyboard */ = {
			isa = PBXVariantGroup;
			children = (
				9374F87A2BC140C100EA624D /* Base */,
			);
			name = Main.storyboard;
			sourceTree = "<group>";
		};
		9374F87E2BC140C200EA624D /* LaunchScreen.storyboard */ = {
			isa = PBXVariantGroup;
			children = (
				9374F87F2BC140C200EA624D /* Base */,
			);
			name = LaunchScreen.storyboard;
			sourceTree = "<group>";
		};
/* End PBXVariantGroup section */

/* Begin XCBuildConfiguration section */
		9374F8982BC140C200EA624D /* Debug */ = {
			isa = XCBuildConfiguration;
			buildSettings = {
				ALWAYS_SEARCH_USER_PATHS = NO;
				ASSETCATALOG_COMPILER_GENERATE_SWIFT_ASSET_SYMBOL_EXTENSIONS = YES;
				CLANG_ANALYZER_NONNULL = YES;
				CLANG_ANALYZER_NUMBER_OBJECT_CONVERSION = YES_AGGRESSIVE;
				CLANG_CXX_LANGUAGE_STANDARD = "gnu++20";
				CLANG_ENABLE_MODULES = YES;
				CLANG_ENABLE_OBJC_ARC = YES;
				CLANG_ENABLE_OBJC_WEAK = YES;
				CLANG_WARN_BLOCK_CAPTURE_AUTORELEASING = YES;
				CLANG_WARN_BOOL_CONVERSION = YES;
				CLANG_WARN_COMMA = YES;
				CLANG_WARN_CONSTANT_CONVERSION = YES;
				CLANG_WARN_DEPRECATED_OBJC_IMPLEMENTATIONS = YES;
				CLANG_WARN_DIRECT_OBJC_ISA_USAGE = YES_ERROR;
				CLANG_WARN_DOCUMENTATION_COMMENTS = YES;
				CLANG_WARN_EMPTY_BODY = YES;
				CLANG_WARN_ENUM_CONVERSION = YES;
				CLANG_WARN_INFINITE_RECURSION = YES;
				CLANG_WARN_INT_CONVERSION = YES;
				CLANG_WARN_NON_LITERAL_NULL_CONVERSION = YES;
				CLANG_WARN_OBJC_IMPLICIT_RETAIN_SELF = YES;
				CLANG_WARN_OBJC_LITERAL_CONVERSION = YES;
				CLANG_WARN_OBJC_ROOT_CLASS = YES_ERROR;
				CLANG_WARN_QUOTED_INCLUDE_IN_FRAMEWORK_HEADER = YES;
				CLANG_WARN_RANGE_LOOP_ANALYSIS = YES;
				CLANG_WARN_STRICT_PROTOTYPES = YES;
				CLANG_WARN_SUSPICIOUS_MOVE = YES;
				CLANG_WARN_UNGUARDED_AVAILABILITY = YES_AGGRESSIVE;
				CLANG_WARN_UNREACHABLE_CODE = YES;
				CLANG_WARN__DUPLICATE_METHOD_MATCH = YES;
				COPY_PHASE_STRIP = NO;
				DEBUG_INFORMATION_FORMAT = dwarf;
				ENABLE_STRICT_OBJC_MSGSEND = YES;
				ENABLE_TESTABILITY = YES;
				ENABLE_USER_SCRIPT_SANDBOXING = YES;
				GCC_C_LANGUAGE_STANDARD = gnu17;
				GCC_DYNAMIC_NO_PIC = NO;
				GCC_NO_COMMON_BLOCKS = YES;
				GCC_OPTIMIZATION_LEVEL = 0;
				GCC_PREPROCESSOR_DEFINITIONS = (
					"DEBUG=1",
					"$(inherited)",
				);
				GCC_WARN_64_TO_32_BIT_CONVERSION = YES;
				GCC_WARN_ABOUT_RETURN_TYPE = YES_ERROR;
				GCC_WARN_UNDECLARED_SELECTOR = YES;
				GCC_WARN_UNINITIALIZED_AUTOS = YES_AGGRESSIVE;
				GCC_WARN_UNUSED_FUNCTION = YES;
				GCC_WARN_UNUSED_VARIABLE = YES;
				IPHONEOS_DEPLOYMENT_TARGET = 17.2;
				LOCALIZATION_PREFERS_STRING_CATALOGS = YES;
				MTL_ENABLE_DEBUG_INFO = INCLUDE_SOURCE;
				MTL_FAST_MATH = YES;
				ONLY_ACTIVE_ARCH = YES;
				SDKROOT = iphoneos;
				SWIFT_ACTIVE_COMPILATION_CONDITIONS = "DEBUG $(inherited)";
				SWIFT_OPTIMIZATION_LEVEL = "-Onone";
			};
			name = Debug;
		};
		9374F8992BC140C200EA624D /* Release */ = {
			isa = XCBuildConfiguration;
			buildSettings = {
				ALWAYS_SEARCH_USER_PATHS = NO;
				ASSETCATALOG_COMPILER_GENERATE_SWIFT_ASSET_SYMBOL_EXTENSIONS = YES;
				CLANG_ANALYZER_NONNULL = YES;
				CLANG_ANALYZER_NUMBER_OBJECT_CONVERSION = YES_AGGRESSIVE;
				CLANG_CXX_LANGUAGE_STANDARD = "gnu++20";
				CLANG_ENABLE_MODULES = YES;
				CLANG_ENABLE_OBJC_ARC = YES;
				CLANG_ENABLE_OBJC_WEAK = YES;
				CLANG_WARN_BLOCK_CAPTURE_AUTORELEASING = YES;
				CLANG_WARN_BOOL_CONVERSION = YES;
				CLANG_WARN_COMMA = YES;
				CLANG_WARN_CONSTANT_CONVERSION = YES;
				CLANG_WARN_DEPRECATED_OBJC_IMPLEMENTATIONS = YES;
				CLANG_WARN_DIRECT_OBJC_ISA_USAGE = YES_ERROR;
				CLANG_WARN_DOCUMENTATION_COMMENTS = YES;
				CLANG_WARN_EMPTY_BODY = YES;
				CLANG_WARN_ENUM_CONVERSION = YES;
				CLANG_WARN_INFINITE_RECURSION = YES;
				CLANG_WARN_INT_CONVERSION = YES;
				CLANG_WARN_NON_LITERAL_NULL_CONVERSION = YES;
				CLANG_WARN_OBJC_IMPLICIT_RETAIN_SELF = YES;
				CLANG_WARN_OBJC_LITERAL_CONVERSION = YES;
				CLANG_WARN_OBJC_ROOT_CLASS = YES_ERROR;
				CLANG_WARN_QUOTED_INCLUDE_IN_FRAMEWORK_HEADER = YES;
				CLANG_WARN_RANGE_LOOP_ANALYSIS = YES;
				CLANG_WARN_STRICT_PROTOTYPES = YES;
				CLANG_WARN_SUSPICIOUS_MOVE = YES;
				CLANG_WARN_UNGUARDED_AVAILABILITY = YES_AGGRESSIVE;
				CLANG_WARN_UNREACHABLE_CODE = YES;
				CLANG_WARN__DUPLICATE_METHOD_MATCH = YES;
				COPY_PHASE_STRIP = NO;
				DEBUG_INFORMATION_FORMAT = "dwarf-with-dsym";
				ENABLE_NS_ASSERTIONS = NO;
				ENABLE_STRICT_OBJC_MSGSEND = YES;
				ENABLE_USER_SCRIPT_SANDBOXING = YES;
				GCC_C_LANGUAGE_STANDARD = gnu17;
				GCC_NO_COMMON_BLOCKS = YES;
				GCC_WARN_64_TO_32_BIT_CONVERSION = YES;
				GCC_WARN_ABOUT_RETURN_TYPE = YES_ERROR;
				GCC_WARN_UNDECLARED_SELECTOR = YES;
				GCC_WARN_UNINITIALIZED_AUTOS = YES_AGGRESSIVE;
				GCC_WARN_UNUSED_FUNCTION = YES;
				GCC_WARN_UNUSED_VARIABLE = YES;
				IPHONEOS_DEPLOYMENT_TARGET = 17.2;
				LOCALIZATION_PREFERS_STRING_CATALOGS = YES;
				MTL_ENABLE_DEBUG_INFO = NO;
				MTL_FAST_MATH = YES;
				SDKROOT = iphoneos;
				SWIFT_COMPILATION_MODE = wholemodule;
				VALIDATE_PRODUCT = YES;
			};
			name = Release;
		};
		9374F89B2BC140C200EA624D /* Debug */ = {
			isa = XCBuildConfiguration;
			buildSettings = {
				ASSETCATALOG_COMPILER_APPICON_NAME = AppIcon;
				ASSETCATALOG_COMPILER_GLOBAL_ACCENT_COLOR_NAME = AccentColor;
				CODE_SIGN_STYLE = Automatic;
				CURRENT_PROJECT_VERSION = 1;
				DEVELOPMENT_TEAM = GSDWJHQ3A4;
				GENERATE_INFOPLIST_FILE = YES;
				INFOPLIST_FILE = AstronomyPictures/Info.plist;
				INFOPLIST_KEY_UIApplicationSupportsIndirectInputEvents = YES;
				INFOPLIST_KEY_UILaunchStoryboardName = LaunchScreen;
				INFOPLIST_KEY_UIMainStoryboardFile = Main;
				INFOPLIST_KEY_UISupportedInterfaceOrientations_iPad = "UIInterfaceOrientationPortrait UIInterfaceOrientationPortraitUpsideDown UIInterfaceOrientationLandscapeLeft UIInterfaceOrientationLandscapeRight";
				INFOPLIST_KEY_UISupportedInterfaceOrientations_iPhone = "UIInterfaceOrientationPortrait UIInterfaceOrientationLandscapeLeft UIInterfaceOrientationLandscapeRight";
				IPHONEOS_DEPLOYMENT_TARGET = 15.0;
				LD_RUNPATH_SEARCH_PATHS = (
					"$(inherited)",
					"@executable_path/Frameworks",
				);
				MARKETING_VERSION = 1.0;
				PRODUCT_BUNDLE_IDENTIFIER = com.duydl.AstronomyPictures;
				PRODUCT_NAME = "$(TARGET_NAME)";
				SWIFT_EMIT_LOC_STRINGS = YES;
				SWIFT_VERSION = 5.0;
				TARGETED_DEVICE_FAMILY = "1,2";
			};
			name = Debug;
		};
		9374F89C2BC140C200EA624D /* Release */ = {
			isa = XCBuildConfiguration;
			buildSettings = {
				ASSETCATALOG_COMPILER_APPICON_NAME = AppIcon;
				ASSETCATALOG_COMPILER_GLOBAL_ACCENT_COLOR_NAME = AccentColor;
				CODE_SIGN_STYLE = Automatic;
				CURRENT_PROJECT_VERSION = 1;
				DEVELOPMENT_TEAM = GSDWJHQ3A4;
				GENERATE_INFOPLIST_FILE = YES;
				INFOPLIST_FILE = AstronomyPictures/Info.plist;
				INFOPLIST_KEY_UIApplicationSupportsIndirectInputEvents = YES;
				INFOPLIST_KEY_UILaunchStoryboardName = LaunchScreen;
				INFOPLIST_KEY_UIMainStoryboardFile = Main;
				INFOPLIST_KEY_UISupportedInterfaceOrientations_iPad = "UIInterfaceOrientationPortrait UIInterfaceOrientationPortraitUpsideDown UIInterfaceOrientationLandscapeLeft UIInterfaceOrientationLandscapeRight";
				INFOPLIST_KEY_UISupportedInterfaceOrientations_iPhone = "UIInterfaceOrientationPortrait UIInterfaceOrientationLandscapeLeft UIInterfaceOrientationLandscapeRight";
				IPHONEOS_DEPLOYMENT_TARGET = 15.0;
				LD_RUNPATH_SEARCH_PATHS = (
					"$(inherited)",
					"@executable_path/Frameworks",
				);
				MARKETING_VERSION = 1.0;
				PRODUCT_BUNDLE_IDENTIFIER = com.duydl.AstronomyPictures;
				PRODUCT_NAME = "$(TARGET_NAME)";
				SWIFT_EMIT_LOC_STRINGS = YES;
				SWIFT_VERSION = 5.0;
				TARGETED_DEVICE_FAMILY = "1,2";
			};
			name = Release;
		};
		9374F89E2BC140C200EA624D /* Debug */ = {
			isa = XCBuildConfiguration;
			buildSettings = {
				ALWAYS_EMBED_SWIFT_STANDARD_LIBRARIES = YES;
				BUNDLE_LOADER = "$(TEST_HOST)";
				CODE_SIGN_STYLE = Automatic;
				CURRENT_PROJECT_VERSION = 1;
				DEVELOPMENT_TEAM = GSDWJHQ3A4;
				GENERATE_INFOPLIST_FILE = YES;
				IPHONEOS_DEPLOYMENT_TARGET = 17.2;
				MARKETING_VERSION = 1.0;
				PRODUCT_BUNDLE_IDENTIFIER = com.duydl.AstronomyPicturesTests;
				PRODUCT_NAME = "$(TARGET_NAME)";
				SWIFT_EMIT_LOC_STRINGS = NO;
				SWIFT_VERSION = 5.0;
				TARGETED_DEVICE_FAMILY = "1,2";
				TEST_HOST = "$(BUILT_PRODUCTS_DIR)/AstronomyPictures.app/$(BUNDLE_EXECUTABLE_FOLDER_PATH)/AstronomyPictures";
			};
			name = Debug;
		};
		9374F89F2BC140C200EA624D /* Release */ = {
			isa = XCBuildConfiguration;
			buildSettings = {
				ALWAYS_EMBED_SWIFT_STANDARD_LIBRARIES = YES;
				BUNDLE_LOADER = "$(TEST_HOST)";
				CODE_SIGN_STYLE = Automatic;
				CURRENT_PROJECT_VERSION = 1;
				DEVELOPMENT_TEAM = GSDWJHQ3A4;
				GENERATE_INFOPLIST_FILE = YES;
				IPHONEOS_DEPLOYMENT_TARGET = 17.2;
				MARKETING_VERSION = 1.0;
				PRODUCT_BUNDLE_IDENTIFIER = com.duydl.AstronomyPicturesTests;
				PRODUCT_NAME = "$(TARGET_NAME)";
				SWIFT_EMIT_LOC_STRINGS = NO;
				SWIFT_VERSION = 5.0;
				TARGETED_DEVICE_FAMILY = "1,2";
				TEST_HOST = "$(BUILT_PRODUCTS_DIR)/AstronomyPictures.app/$(BUNDLE_EXECUTABLE_FOLDER_PATH)/AstronomyPictures";
			};
			name = Release;
		};
		9374F8A12BC140C200EA624D /* Debug */ = {
			isa = XCBuildConfiguration;
			buildSettings = {
				ALWAYS_EMBED_SWIFT_STANDARD_LIBRARIES = YES;
				CODE_SIGN_STYLE = Automatic;
				CURRENT_PROJECT_VERSION = 1;
				DEVELOPMENT_TEAM = GSDWJHQ3A4;
				GENERATE_INFOPLIST_FILE = YES;
				MARKETING_VERSION = 1.0;
				PRODUCT_BUNDLE_IDENTIFIER = com.duydl.AstronomyPicturesUITests;
				PRODUCT_NAME = "$(TARGET_NAME)";
				SWIFT_EMIT_LOC_STRINGS = NO;
				SWIFT_VERSION = 5.0;
				TARGETED_DEVICE_FAMILY = "1,2";
				TEST_TARGET_NAME = AstronomyPictures;
			};
			name = Debug;
		};
		9374F8A22BC140C200EA624D /* Release */ = {
			isa = XCBuildConfiguration;
			buildSettings = {
				ALWAYS_EMBED_SWIFT_STANDARD_LIBRARIES = YES;
				CODE_SIGN_STYLE = Automatic;
				CURRENT_PROJECT_VERSION = 1;
				DEVELOPMENT_TEAM = GSDWJHQ3A4;
				GENERATE_INFOPLIST_FILE = YES;
				MARKETING_VERSION = 1.0;
				PRODUCT_BUNDLE_IDENTIFIER = com.duydl.AstronomyPicturesUITests;
				PRODUCT_NAME = "$(TARGET_NAME)";
				SWIFT_EMIT_LOC_STRINGS = NO;
				SWIFT_VERSION = 5.0;
				TARGETED_DEVICE_FAMILY = "1,2";
				TEST_TARGET_NAME = AstronomyPictures;
			};
			name = Release;
		};
/* End XCBuildConfiguration section */

/* Begin XCConfigurationList section */
		9374F86B2BC140C100EA624D /* Build configuration list for PBXProject "AstronomyPictures" */ = {
			isa = XCConfigurationList;
			buildConfigurations = (
				9374F8982BC140C200EA624D /* Debug */,
				9374F8992BC140C200EA624D /* Release */,
			);
			defaultConfigurationIsVisible = 0;
			defaultConfigurationName = Release;
		};
		9374F89A2BC140C200EA624D /* Build configuration list for PBXNativeTarget "AstronomyPictures" */ = {
			isa = XCConfigurationList;
			buildConfigurations = (
				9374F89B2BC140C200EA624D /* Debug */,
				9374F89C2BC140C200EA624D /* Release */,
			);
			defaultConfigurationIsVisible = 0;
			defaultConfigurationName = Release;
		};
		9374F89D2BC140C200EA624D /* Build configuration list for PBXNativeTarget "AstronomyPicturesTests" */ = {
			isa = XCConfigurationList;
			buildConfigurations = (
				9374F89E2BC140C200EA624D /* Debug */,
				9374F89F2BC140C200EA624D /* Release */,
			);
			defaultConfigurationIsVisible = 0;
			defaultConfigurationName = Release;
		};
		9374F8A02BC140C200EA624D /* Build configuration list for PBXNativeTarget "AstronomyPicturesUITests" */ = {
			isa = XCConfigurationList;
			buildConfigurations = (
				9374F8A12BC140C200EA624D /* Debug */,
				9374F8A22BC140C200EA624D /* Release */,
			);
			defaultConfigurationIsVisible = 0;
			defaultConfigurationName = Release;
		};
/* End XCConfigurationList section */
	};
	rootObject = 9374F8682BC140C100EA624D /* Project object */;
}
